
Microsoft Visual Studio Solution File, Format Version 12.00
# Visual Studio 14
VisualStudioVersion = 14.0.25420.1
MinimumVisualStudioVersion = 10.0.40219.1
Project("{8BC9CEB8-8B4A-11D0-8D11-00A0C91BC942}") = "P751", "SIDHp751.vcxproj", "{8283DD76-E88A-4B63-ABDE-33F014178413}"
EndProject
Project("{8BC9CEB8-8B4A-11D0-8D11-00A0C91BC942}") = "P503", "SIDHp503.vcxproj", "{BBC8647D-B9E2-469F-A9A4-BB55B614ADBE}"
EndProject
Project("{8BC9CEB8-8B4A-11D0-8D11-00A0C91BC942}") = "test-SIKEp503", "..\kem_tests\test-SIKEp503.vcxproj", "{EF9FE361-D94D-4CE0-8873-739A925326A3}"
EndProject
Project("{8BC9CEB8-8B4A-11D0-8D11-00A0C91BC942}") = "test-SIKEp751", "..\kem_tests\test-SIKEp751.vcxproj", "{0D570915-7551-4D5F-A2F0-A4A6200185F9}"
EndProject
Project("{8BC9CEB8-8B4A-11D0-8D11-00A0C91BC942}") = "P434", "SIDHp434.vcxproj", "{E46FD055-7619-4C50-8360-FA3BC2F650FB}"
EndProject
Project("{8BC9CEB8-8B4A-11D0-8D11-00A0C91BC942}") = "test-SIKEp434", "..\kem_tests\test-SIKEp434.vcxproj", "{53B2CD97-2FE6-4927-86A7-B16E436CFBD5}"
EndProject
Project("{8BC9CEB8-8B4A-11D0-8D11-00A0C91BC942}") = "P377", "SIDHp377.vcxproj", "{05CEF530-F410-4C21-AC70-A7EF991DEE6A}"
EndProject
Project("{8BC9CEB8-8B4A-11D0-8D11-00A0C91BC942}") = "test-SIKEp377", "..\kem_tests\test-SIKEp377.vcxproj", "{0D497554-D408-4061-BA26-2A65F4272841}"
EndProject
Project("{8BC9CEB8-8B4A-11D0-8D11-00A0C91BC942}") = "arith_tests-P377", "..\arith_tests\arith_tests-P377.vcxproj", "{10C4B543-0224-43D3-B84D-390665AA6C25}"
EndProject
Project("{8BC9CEB8-8B4A-11D0-8D11-00A0C91BC942}") = "arith_tests-P434", "..\arith_tests\arith_tests-P434.vcxproj", "{8944AC47-A218-4F4D-8AF1-AF704160A727}"
EndProject
Project("{8BC9CEB8-8B4A-11D0-8D11-00A0C91BC942}") = "arith_tests-P503", "..\arith_tests\arith_tests-P503.vcxproj", "{464B689B-7C93-47A2-B2F5-FE162A4EF404}"
EndProject
Project("{8BC9CEB8-8B4A-11D0-8D11-00A0C91BC942}") = "arith_tests-P610", "..\arith_tests\arith_tests-P610.vcxproj", "{2A6A9BF4-B07F-4F2F-B418-6C39E54F8C6F}"
EndProject
Project("{8BC9CEB8-8B4A-11D0-8D11-00A0C91BC942}") = "arith_tests-P751", "..\arith_tests\arith_tests-P751.vcxproj", "{C9639168-C3FF-4427-BC3B-D907FF11DE73}"
EndProject
Project("{8BC9CEB8-8B4A-11D0-8D11-00A0C91BC942}") = "P610", "SIDHp610.vcxproj", "{ED1BA17A-58EA-4D9F-9B19-7061395E22BB}"
EndProject
Project("{8BC9CEB8-8B4A-11D0-8D11-00A0C91BC942}") = "test-SIKEp610", "..\kem_tests\test-SIKEp610.vcxproj", "{DC10CB31-A905-402E-B466-46ADCD1AD61C}"
EndProject
Project("{8BC9CEB8-8B4A-11D0-8D11-00A0C91BC942}") = "P546", "SIDHp546.vcxproj", "{48010B78-5594-4FE9-81AC-909B670C1516}"
EndProject
Project("{8BC9CEB8-8B4A-11D0-8D11-00A0C91BC942}") = "arith_tests-P546", "..\arith_tests\arith_tests-P546.vcxproj", "{5572CD5B-7F2F-4F44-B7AC-844291850C6E}"
EndProject
Project("{8BC9CEB8-8B4A-11D0-8D11-00A0C91BC942}") = "test-SIKEp546", "..\kem_tests\test-SIKEp546.vcxproj", "{E52D3FE9-FD9F-4D93-9712-8172DB469831}"
EndProject
Project("{8BC9CEB8-8B4A-11D0-8D11-00A0C91BC942}") = "arith_tests-P697", "..\arith_tests\arith_tests-P697.vcxproj", "{C0892335-7EB7-48D4-83A1-500953D0526B}"
EndProject
Project("{8BC9CEB8-8B4A-11D0-8D11-00A0C91BC942}") = "test-SIKEp697", "..\kem_tests\test-SIKEp697.vcxproj", "{1B4248D6-99FD-47E0-B91F-8EF78F3A5D7B}"
EndProject
Project("{8BC9CEB8-8B4A-11D0-8D11-00A0C91BC942}") = "P697", "SIDHp697.vcxproj", "{F7447653-7518-4BF0-934D-65801C74D42A}"
EndProject
Global
	GlobalSection(SolutionConfigurationPlatforms) = preSolution
		Debug|x64 = Debug|x64
		Debug|x86 = Debug|x86
		Fast|x64 = Fast|x64
		Fast|x86 = Fast|x86
		Generic|x64 = Generic|x64
		Generic|x86 = Generic|x86
	EndGlobalSection
	GlobalSection(ProjectConfigurationPlatforms) = postSolution
		{8283DD76-E88A-4B63-ABDE-33F014178413}.Debug|x64.ActiveCfg = Debug|x64
		{8283DD76-E88A-4B63-ABDE-33F014178413}.Debug|x64.Build.0 = Debug|x64
		{8283DD76-E88A-4B63-ABDE-33F014178413}.Debug|x86.ActiveCfg = Debug|Win32
		{8283DD76-E88A-4B63-ABDE-33F014178413}.Debug|x86.Build.0 = Debug|Win32
		{8283DD76-E88A-4B63-ABDE-33F014178413}.Fast|x64.ActiveCfg = Fast|x64
		{8283DD76-E88A-4B63-ABDE-33F014178413}.Fast|x64.Build.0 = Fast|x64
		{8283DD76-E88A-4B63-ABDE-33F014178413}.Fast|x86.ActiveCfg = Fast|Win32
		{8283DD76-E88A-4B63-ABDE-33F014178413}.Generic|x64.ActiveCfg = Generic|x64
		{8283DD76-E88A-4B63-ABDE-33F014178413}.Generic|x64.Build.0 = Generic|x64
		{8283DD76-E88A-4B63-ABDE-33F014178413}.Generic|x86.ActiveCfg = Generic|Win32
		{8283DD76-E88A-4B63-ABDE-33F014178413}.Generic|x86.Build.0 = Generic|Win32
		{BBC8647D-B9E2-469F-A9A4-BB55B614ADBE}.Debug|x64.ActiveCfg = Debug|x64
		{BBC8647D-B9E2-469F-A9A4-BB55B614ADBE}.Debug|x64.Build.0 = Debug|x64
		{BBC8647D-B9E2-469F-A9A4-BB55B614ADBE}.Debug|x86.ActiveCfg = Debug|Win32
		{BBC8647D-B9E2-469F-A9A4-BB55B614ADBE}.Debug|x86.Build.0 = Debug|Win32
		{BBC8647D-B9E2-469F-A9A4-BB55B614ADBE}.Fast|x64.ActiveCfg = Fast|x64
		{BBC8647D-B9E2-469F-A9A4-BB55B614ADBE}.Fast|x64.Build.0 = Fast|x64
		{BBC8647D-B9E2-469F-A9A4-BB55B614ADBE}.Fast|x86.ActiveCfg = Fast|Win32
		{BBC8647D-B9E2-469F-A9A4-BB55B614ADBE}.Generic|x64.ActiveCfg = Generic|x64
		{BBC8647D-B9E2-469F-A9A4-BB55B614ADBE}.Generic|x64.Build.0 = Generic|x64
		{BBC8647D-B9E2-469F-A9A4-BB55B614ADBE}.Generic|x86.ActiveCfg = Generic|Win32
		{BBC8647D-B9E2-469F-A9A4-BB55B614ADBE}.Generic|x86.Build.0 = Generic|Win32
		{EF9FE361-D94D-4CE0-8873-739A925326A3}.Debug|x64.ActiveCfg = Debug|x64
		{EF9FE361-D94D-4CE0-8873-739A925326A3}.Debug|x64.Build.0 = Debug|x64
		{EF9FE361-D94D-4CE0-8873-739A925326A3}.Debug|x86.ActiveCfg = Debug|Win32
		{EF9FE361-D94D-4CE0-8873-739A925326A3}.Debug|x86.Build.0 = Debug|Win32
		{EF9FE361-D94D-4CE0-8873-739A925326A3}.Fast|x64.ActiveCfg = Fast|x64
		{EF9FE361-D94D-4CE0-8873-739A925326A3}.Fast|x64.Build.0 = Fast|x64
		{EF9FE361-D94D-4CE0-8873-739A925326A3}.Fast|x86.ActiveCfg = Fast|Win32
		{EF9FE361-D94D-4CE0-8873-739A925326A3}.Generic|x64.ActiveCfg = Generic|x64
		{EF9FE361-D94D-4CE0-8873-739A925326A3}.Generic|x64.Build.0 = Generic|x64
		{EF9FE361-D94D-4CE0-8873-739A925326A3}.Generic|x86.ActiveCfg = Generic|Win32
		{EF9FE361-D94D-4CE0-8873-739A925326A3}.Generic|x86.Build.0 = Generic|Win32
		{0D570915-7551-4D5F-A2F0-A4A6200185F9}.Debug|x64.ActiveCfg = Debug|x64
		{0D570915-7551-4D5F-A2F0-A4A6200185F9}.Debug|x64.Build.0 = Debug|x64
		{0D570915-7551-4D5F-A2F0-A4A6200185F9}.Debug|x86.ActiveCfg = Debug|Win32
		{0D570915-7551-4D5F-A2F0-A4A6200185F9}.Debug|x86.Build.0 = Debug|Win32
		{0D570915-7551-4D5F-A2F0-A4A6200185F9}.Fast|x64.ActiveCfg = Fast|x64
		{0D570915-7551-4D5F-A2F0-A4A6200185F9}.Fast|x64.Build.0 = Fast|x64
		{0D570915-7551-4D5F-A2F0-A4A6200185F9}.Fast|x86.ActiveCfg = Fast|Win32
		{0D570915-7551-4D5F-A2F0-A4A6200185F9}.Generic|x64.ActiveCfg = Generic|x64
		{0D570915-7551-4D5F-A2F0-A4A6200185F9}.Generic|x64.Build.0 = Generic|x64
		{0D570915-7551-4D5F-A2F0-A4A6200185F9}.Generic|x86.ActiveCfg = Generic|Win32
		{0D570915-7551-4D5F-A2F0-A4A6200185F9}.Generic|x86.Build.0 = Generic|Win32
		{E46FD055-7619-4C50-8360-FA3BC2F650FB}.Debug|x64.ActiveCfg = Debug|x64
		{E46FD055-7619-4C50-8360-FA3BC2F650FB}.Debug|x64.Build.0 = Debug|x64
		{E46FD055-7619-4C50-8360-FA3BC2F650FB}.Debug|x86.ActiveCfg = Debug|Win32
		{E46FD055-7619-4C50-8360-FA3BC2F650FB}.Debug|x86.Build.0 = Debug|Win32
		{E46FD055-7619-4C50-8360-FA3BC2F650FB}.Fast|x64.ActiveCfg = Fast|x64
		{E46FD055-7619-4C50-8360-FA3BC2F650FB}.Fast|x64.Build.0 = Fast|x64
		{E46FD055-7619-4C50-8360-FA3BC2F650FB}.Fast|x86.ActiveCfg = Fast|Win32
		{E46FD055-7619-4C50-8360-FA3BC2F650FB}.Generic|x64.ActiveCfg = Generic|x64
		{E46FD055-7619-4C50-8360-FA3BC2F650FB}.Generic|x64.Build.0 = Generic|x64
		{E46FD055-7619-4C50-8360-FA3BC2F650FB}.Generic|x86.ActiveCfg = Generic|Win32
		{E46FD055-7619-4C50-8360-FA3BC2F650FB}.Generic|x86.Build.0 = Generic|Win32
		{53B2CD97-2FE6-4927-86A7-B16E436CFBD5}.Debug|x64.ActiveCfg = Debug|x64
		{53B2CD97-2FE6-4927-86A7-B16E436CFBD5}.Debug|x64.Build.0 = Debug|x64
		{53B2CD97-2FE6-4927-86A7-B16E436CFBD5}.Debug|x86.ActiveCfg = Debug|Win32
		{53B2CD97-2FE6-4927-86A7-B16E436CFBD5}.Debug|x86.Build.0 = Debug|Win32
		{53B2CD97-2FE6-4927-86A7-B16E436CFBD5}.Fast|x64.ActiveCfg = Fast|x64
		{53B2CD97-2FE6-4927-86A7-B16E436CFBD5}.Fast|x64.Build.0 = Fast|x64
		{53B2CD97-2FE6-4927-86A7-B16E436CFBD5}.Fast|x86.ActiveCfg = Fast|Win32
		{53B2CD97-2FE6-4927-86A7-B16E436CFBD5}.Generic|x64.ActiveCfg = Generic|x64
		{53B2CD97-2FE6-4927-86A7-B16E436CFBD5}.Generic|x64.Build.0 = Generic|x64
		{53B2CD97-2FE6-4927-86A7-B16E436CFBD5}.Generic|x86.ActiveCfg = Generic|Win32
		{53B2CD97-2FE6-4927-86A7-B16E436CFBD5}.Generic|x86.Build.0 = Generic|Win32
		{05CEF530-F410-4C21-AC70-A7EF991DEE6A}.Debug|x64.ActiveCfg = Debug|x64
		{05CEF530-F410-4C21-AC70-A7EF991DEE6A}.Debug|x64.Build.0 = Debug|x64
		{05CEF530-F410-4C21-AC70-A7EF991DEE6A}.Debug|x86.ActiveCfg = Debug|Win32
		{05CEF530-F410-4C21-AC70-A7EF991DEE6A}.Debug|x86.Build.0 = Debug|Win32
		{05CEF530-F410-4C21-AC70-A7EF991DEE6A}.Fast|x64.ActiveCfg = Fast|x64
		{05CEF530-F410-4C21-AC70-A7EF991DEE6A}.Fast|x64.Build.0 = Fast|x64
		{05CEF530-F410-4C21-AC70-A7EF991DEE6A}.Fast|x86.ActiveCfg = Fast|Win32
		{05CEF530-F410-4C21-AC70-A7EF991DEE6A}.Generic|x64.ActiveCfg = Generic|x64
		{05CEF530-F410-4C21-AC70-A7EF991DEE6A}.Generic|x64.Build.0 = Generic|x64
		{05CEF530-F410-4C21-AC70-A7EF991DEE6A}.Generic|x86.ActiveCfg = Generic|Win32
		{05CEF530-F410-4C21-AC70-A7EF991DEE6A}.Generic|x86.Build.0 = Generic|Win32
		{0D497554-D408-4061-BA26-2A65F4272841}.Debug|x64.ActiveCfg = Debug|x64
		{0D497554-D408-4061-BA26-2A65F4272841}.Debug|x64.Build.0 = Debug|x64
		{0D497554-D408-4061-BA26-2A65F4272841}.Debug|x86.ActiveCfg = Debug|Win32
		{0D497554-D408-4061-BA26-2A65F4272841}.Debug|x86.Build.0 = Debug|Win32
		{0D497554-D408-4061-BA26-2A65F4272841}.Fast|x64.ActiveCfg = Fast|x64
		{0D497554-D408-4061-BA26-2A65F4272841}.Fast|x64.Build.0 = Fast|x64
		{0D497554-D408-4061-BA26-2A65F4272841}.Fast|x86.ActiveCfg = Fast|Win32
		{0D497554-D408-4061-BA26-2A65F4272841}.Generic|x64.ActiveCfg = Generic|x64
		{0D497554-D408-4061-BA26-2A65F4272841}.Generic|x64.Build.0 = Generic|x64
		{0D497554-D408-4061-BA26-2A65F4272841}.Generic|x86.ActiveCfg = Generic|Win32
		{0D497554-D408-4061-BA26-2A65F4272841}.Generic|x86.Build.0 = Generic|Win32
		{10C4B543-0224-43D3-B84D-390665AA6C25}.Debug|x64.ActiveCfg = Debug|x64
		{10C4B543-0224-43D3-B84D-390665AA6C25}.Debug|x64.Build.0 = Debug|x64
		{10C4B543-0224-43D3-B84D-390665AA6C25}.Debug|x86.ActiveCfg = Debug|Win32
		{10C4B543-0224-43D3-B84D-390665AA6C25}.Debug|x86.Build.0 = Debug|Win32
		{10C4B543-0224-43D3-B84D-390665AA6C25}.Fast|x64.ActiveCfg = Fast|x64
		{10C4B543-0224-43D3-B84D-390665AA6C25}.Fast|x64.Build.0 = Fast|x64
		{10C4B543-0224-43D3-B84D-390665AA6C25}.Fast|x86.ActiveCfg = Fast|Win32
		{10C4B543-0224-43D3-B84D-390665AA6C25}.Generic|x64.ActiveCfg = Generic|x64
		{10C4B543-0224-43D3-B84D-390665AA6C25}.Generic|x64.Build.0 = Generic|x64
		{10C4B543-0224-43D3-B84D-390665AA6C25}.Generic|x86.ActiveCfg = Generic|Win32
		{10C4B543-0224-43D3-B84D-390665AA6C25}.Generic|x86.Build.0 = Generic|Win32
		{8944AC47-A218-4F4D-8AF1-AF704160A727}.Debug|x64.ActiveCfg = Debug|x64
		{8944AC47-A218-4F4D-8AF1-AF704160A727}.Debug|x64.Build.0 = Debug|x64
		{8944AC47-A218-4F4D-8AF1-AF704160A727}.Debug|x86.ActiveCfg = Debug|Win32
		{8944AC47-A218-4F4D-8AF1-AF704160A727}.Debug|x86.Build.0 = Debug|Win32
		{8944AC47-A218-4F4D-8AF1-AF704160A727}.Fast|x64.ActiveCfg = Fast|x64
		{8944AC47-A218-4F4D-8AF1-AF704160A727}.Fast|x64.Build.0 = Fast|x64
		{8944AC47-A218-4F4D-8AF1-AF704160A727}.Fast|x86.ActiveCfg = Fast|Win32
		{8944AC47-A218-4F4D-8AF1-AF704160A727}.Generic|x64.ActiveCfg = Generic|x64
		{8944AC47-A218-4F4D-8AF1-AF704160A727}.Generic|x64.Build.0 = Generic|x64
		{8944AC47-A218-4F4D-8AF1-AF704160A727}.Generic|x86.ActiveCfg = Generic|Win32
		{8944AC47-A218-4F4D-8AF1-AF704160A727}.Generic|x86.Build.0 = Generic|Win32
		{464B689B-7C93-47A2-B2F5-FE162A4EF404}.Debug|x64.ActiveCfg = Debug|x64
		{464B689B-7C93-47A2-B2F5-FE162A4EF404}.Debug|x64.Build.0 = Debug|x64
		{464B689B-7C93-47A2-B2F5-FE162A4EF404}.Debug|x86.ActiveCfg = Debug|Win32
		{464B689B-7C93-47A2-B2F5-FE162A4EF404}.Debug|x86.Build.0 = Debug|Win32
		{464B689B-7C93-47A2-B2F5-FE162A4EF404}.Fast|x64.ActiveCfg = Fast|x64
		{464B689B-7C93-47A2-B2F5-FE162A4EF404}.Fast|x64.Build.0 = Fast|x64
		{464B689B-7C93-47A2-B2F5-FE162A4EF404}.Fast|x86.ActiveCfg = Fast|Win32
		{464B689B-7C93-47A2-B2F5-FE162A4EF404}.Generic|x64.ActiveCfg = Generic|x64
		{464B689B-7C93-47A2-B2F5-FE162A4EF404}.Generic|x64.Build.0 = Generic|x64
		{464B689B-7C93-47A2-B2F5-FE162A4EF404}.Generic|x86.ActiveCfg = Generic|Win32
		{464B689B-7C93-47A2-B2F5-FE162A4EF404}.Generic|x86.Build.0 = Generic|Win32
		{2A6A9BF4-B07F-4F2F-B418-6C39E54F8C6F}.Debug|x64.ActiveCfg = Debug|x64
		{2A6A9BF4-B07F-4F2F-B418-6C39E54F8C6F}.Debug|x64.Build.0 = Debug|x64
		{2A6A9BF4-B07F-4F2F-B418-6C39E54F8C6F}.Debug|x86.ActiveCfg = Debug|Win32
		{2A6A9BF4-B07F-4F2F-B418-6C39E54F8C6F}.Debug|x86.Build.0 = Debug|Win32
		{2A6A9BF4-B07F-4F2F-B418-6C39E54F8C6F}.Fast|x64.ActiveCfg = Fast|x64
		{2A6A9BF4-B07F-4F2F-B418-6C39E54F8C6F}.Fast|x64.Build.0 = Fast|x64
		{2A6A9BF4-B07F-4F2F-B418-6C39E54F8C6F}.Fast|x86.ActiveCfg = Fast|Win32
		{2A6A9BF4-B07F-4F2F-B418-6C39E54F8C6F}.Generic|x64.ActiveCfg = Generic|x64
		{2A6A9BF4-B07F-4F2F-B418-6C39E54F8C6F}.Generic|x64.Build.0 = Generic|x64
		{2A6A9BF4-B07F-4F2F-B418-6C39E54F8C6F}.Generic|x86.ActiveCfg = Generic|Win32
		{2A6A9BF4-B07F-4F2F-B418-6C39E54F8C6F}.Generic|x86.Build.0 = Generic|Win32
		{C9639168-C3FF-4427-BC3B-D907FF11DE73}.Debug|x64.ActiveCfg = Debug|x64
		{C9639168-C3FF-4427-BC3B-D907FF11DE73}.Debug|x64.Build.0 = Debug|x64
		{C9639168-C3FF-4427-BC3B-D907FF11DE73}.Debug|x86.ActiveCfg = Debug|Win32
		{C9639168-C3FF-4427-BC3B-D907FF11DE73}.Debug|x86.Build.0 = Debug|Win32
		{C9639168-C3FF-4427-BC3B-D907FF11DE73}.Fast|x64.ActiveCfg = Fast|x64
		{C9639168-C3FF-4427-BC3B-D907FF11DE73}.Fast|x64.Build.0 = Fast|x64
		{C9639168-C3FF-4427-BC3B-D907FF11DE73}.Fast|x86.ActiveCfg = Fast|Win32
		{C9639168-C3FF-4427-BC3B-D907FF11DE73}.Generic|x64.ActiveCfg = Generic|x64
		{C9639168-C3FF-4427-BC3B-D907FF11DE73}.Generic|x64.Build.0 = Generic|x64
		{C9639168-C3FF-4427-BC3B-D907FF11DE73}.Generic|x86.ActiveCfg = Generic|Win32
		{C9639168-C3FF-4427-BC3B-D907FF11DE73}.Generic|x86.Build.0 = Generic|Win32
		{ED1BA17A-58EA-4D9F-9B19-7061395E22BB}.Debug|x64.ActiveCfg = Debug|x64
		{ED1BA17A-58EA-4D9F-9B19-7061395E22BB}.Debug|x64.Build.0 = Debug|x64
		{ED1BA17A-58EA-4D9F-9B19-7061395E22BB}.Debug|x86.ActiveCfg = Debug|Win32
		{ED1BA17A-58EA-4D9F-9B19-7061395E22BB}.Debug|x86.Build.0 = Debug|Win32
		{ED1BA17A-58EA-4D9F-9B19-7061395E22BB}.Fast|x64.ActiveCfg = Fast|x64
		{ED1BA17A-58EA-4D9F-9B19-7061395E22BB}.Fast|x64.Build.0 = Fast|x64
		{ED1BA17A-58EA-4D9F-9B19-7061395E22BB}.Fast|x86.ActiveCfg = Fast|Win32
		{ED1BA17A-58EA-4D9F-9B19-7061395E22BB}.Generic|x64.ActiveCfg = Generic|x64
		{ED1BA17A-58EA-4D9F-9B19-7061395E22BB}.Generic|x64.Build.0 = Generic|x64
		{ED1BA17A-58EA-4D9F-9B19-7061395E22BB}.Generic|x86.ActiveCfg = Generic|Win32
		{ED1BA17A-58EA-4D9F-9B19-7061395E22BB}.Generic|x86.Build.0 = Generic|Win32
		{DC10CB31-A905-402E-B466-46ADCD1AD61C}.Debug|x64.ActiveCfg = Debug|x64
		{DC10CB31-A905-402E-B466-46ADCD1AD61C}.Debug|x64.Build.0 = Debug|x64
		{DC10CB31-A905-402E-B466-46ADCD1AD61C}.Debug|x86.ActiveCfg = Debug|Win32
		{DC10CB31-A905-402E-B466-46ADCD1AD61C}.Debug|x86.Build.0 = Debug|Win32
		{DC10CB31-A905-402E-B466-46ADCD1AD61C}.Fast|x64.ActiveCfg = Fast|x64
		{DC10CB31-A905-402E-B466-46ADCD1AD61C}.Fast|x64.Build.0 = Fast|x64
		{DC10CB31-A905-402E-B466-46ADCD1AD61C}.Fast|x86.ActiveCfg = Fast|Win32
		{DC10CB31-A905-402E-B466-46ADCD1AD61C}.Generic|x64.ActiveCfg = Generic|x64
		{DC10CB31-A905-402E-B466-46ADCD1AD61C}.Generic|x64.Build.0 = Generic|x64
		{DC10CB31-A905-402E-B466-46ADCD1AD61C}.Generic|x86.ActiveCfg = Generic|Win32
		{DC10CB31-A905-402E-B466-46ADCD1AD61C}.Generic|x86.Build.0 = Generic|Win32
		{48010B78-5594-4FE9-81AC-909B670C1516}.Debug|x64.ActiveCfg = Debug|x64
		{48010B78-5594-4FE9-81AC-909B670C1516}.Debug|x64.Build.0 = Debug|x64
		{48010B78-5594-4FE9-81AC-909B670C1516}.Debug|x86.ActiveCfg = Debug|Win32
		{48010B78-5594-4FE9-81AC-909B670C1516}.Debug|x86.Build.0 = Debug|Win32
		{48010B78-5594-4FE9-81AC-909B670C1516}.Fast|x64.ActiveCfg = Fast|x64
		{48010B78-5594-4FE9-81AC-909B670C1516}.Fast|x64.Build.0 = Fast|x64
		{48010B78-5594-4FE9-81AC-909B670C1516}.Fast|x86.ActiveCfg = Fast|Win32
		{48010B78-5594-4FE9-81AC-909B670C1516}.Generic|x64.ActiveCfg = Generic|x64
		{48010B78-5594-4FE9-81AC-909B670C1516}.Generic|x64.Build.0 = Generic|x64
		{48010B78-5594-4FE9-81AC-909B670C1516}.Generic|x86.ActiveCfg = Generic|Win32
		{48010B78-5594-4FE9-81AC-909B670C1516}.Generic|x86.Build.0 = Generic|Win32
		{5572CD5B-7F2F-4F44-B7AC-844291850C6E}.Debug|x64.ActiveCfg = Debug|x64
		{5572CD5B-7F2F-4F44-B7AC-844291850C6E}.Debug|x64.Build.0 = Debug|x64
		{5572CD5B-7F2F-4F44-B7AC-844291850C6E}.Debug|x86.ActiveCfg = Debug|Win32
		{5572CD5B-7F2F-4F44-B7AC-844291850C6E}.Debug|x86.Build.0 = Debug|Win32
		{5572CD5B-7F2F-4F44-B7AC-844291850C6E}.Fast|x64.ActiveCfg = Fast|x64
		{5572CD5B-7F2F-4F44-B7AC-844291850C6E}.Fast|x64.Build.0 = Fast|x64
		{5572CD5B-7F2F-4F44-B7AC-844291850C6E}.Fast|x86.ActiveCfg = Fast|Win32
		{5572CD5B-7F2F-4F44-B7AC-844291850C6E}.Generic|x64.ActiveCfg = Generic|x64
		{5572CD5B-7F2F-4F44-B7AC-844291850C6E}.Generic|x64.Build.0 = Generic|x64
		{5572CD5B-7F2F-4F44-B7AC-844291850C6E}.Generic|x86.ActiveCfg = Generic|Win32
		{5572CD5B-7F2F-4F44-B7AC-844291850C6E}.Generic|x86.Build.0 = Generic|Win32
		{E52D3FE9-FD9F-4D93-9712-8172DB469831}.Debug|x64.ActiveCfg = Debug|x64
		{E52D3FE9-FD9F-4D93-9712-8172DB469831}.Debug|x64.Build.0 = Debug|x64
		{E52D3FE9-FD9F-4D93-9712-8172DB469831}.Debug|x86.ActiveCfg = Debug|Win32
		{E52D3FE9-FD9F-4D93-9712-8172DB469831}.Debug|x86.Build.0 = Debug|Win32
		{E52D3FE9-FD9F-4D93-9712-8172DB469831}.Fast|x64.ActiveCfg = Fast|x64
		{E52D3FE9-FD9F-4D93-9712-8172DB469831}.Fast|x64.Build.0 = Fast|x64
		{E52D3FE9-FD9F-4D93-9712-8172DB469831}.Fast|x86.ActiveCfg = Fast|Win32
		{E52D3FE9-FD9F-4D93-9712-8172DB469831}.Generic|x64.ActiveCfg = Generic|x64
		{E52D3FE9-FD9F-4D93-9712-8172DB469831}.Generic|x64.Build.0 = Generic|x64
		{E52D3FE9-FD9F-4D93-9712-8172DB469831}.Generic|x86.ActiveCfg = Generic|Win32
		{E52D3FE9-FD9F-4D93-9712-8172DB469831}.Generic|x86.Build.0 = Generic|Win32
		{C0892335-7EB7-48D4-83A1-500953D0526B}.Debug|x64.ActiveCfg = Debug|x64
		{C0892335-7EB7-48D4-83A1-500953D0526B}.Debug|x64.Build.0 = Debug|x64
		{C0892335-7EB7-48D4-83A1-500953D0526B}.Debug|x86.ActiveCfg = Debug|Win32
		{C0892335-7EB7-48D4-83A1-500953D0526B}.Debug|x86.Build.0 = Debug|Win32
		{C0892335-7EB7-48D4-83A1-500953D0526B}.Fast|x64.ActiveCfg = Fast|x64
		{C0892335-7EB7-48D4-83A1-500953D0526B}.Fast|x64.Build.0 = Fast|x64
		{C0892335-7EB7-48D4-83A1-500953D0526B}.Fast|x86.ActiveCfg = Fast|Win32
		{C0892335-7EB7-48D4-83A1-500953D0526B}.Generic|x64.ActiveCfg = Generic|x64
		{C0892335-7EB7-48D4-83A1-500953D0526B}.Generic|x64.Build.0 = Generic|x64
		{C0892335-7EB7-48D4-83A1-500953D0526B}.Generic|x86.ActiveCfg = Generic|Win32
		{C0892335-7EB7-48D4-83A1-500953D0526B}.Generic|x86.Build.0 = Generic|Win32
		{1B4248D6-99FD-47E0-B91F-8EF78F3A5D7B}.Debug|x64.ActiveCfg = Debug|x64
		{1B4248D6-99FD-47E0-B91F-8EF78F3A5D7B}.Debug|x64.Build.0 = Debug|x64
		{1B4248D6-99FD-47E0-B91F-8EF78F3A5D7B}.Debug|x86.ActiveCfg = Debug|Win32
		{1B4248D6-99FD-47E0-B91F-8EF78F3A5D7B}.Debug|x86.Build.0 = Debug|Win32
		{1B4248D6-99FD-47E0-B91F-8EF78F3A5D7B}.Fast|x64.ActiveCfg = Fast|x64
		{1B4248D6-99FD-47E0-B91F-8EF78F3A5D7B}.Fast|x64.Build.0 = Fast|x64
		{1B4248D6-99FD-47E0-B91F-8EF78F3A5D7B}.Fast|x86.ActiveCfg = Fast|Win32
		{1B4248D6-99FD-47E0-B91F-8EF78F3A5D7B}.Generic|x64.ActiveCfg = Generic|x64
		{1B4248D6-99FD-47E0-B91F-8EF78F3A5D7B}.Generic|x64.Build.0 = Generic|x64
		{1B4248D6-99FD-47E0-B91F-8EF78F3A5D7B}.Generic|x86.ActiveCfg = Generic|Win32
		{1B4248D6-99FD-47E0-B91F-8EF78F3A5D7B}.Generic|x86.Build.0 = Generic|Win32
		{F7447653-7518-4BF0-934D-65801C74D42A}.Debug|x64.ActiveCfg = Debug|x64
		{F7447653-7518-4BF0-934D-65801C74D42A}.Debug|x64.Build.0 = Debug|x64
		{F7447653-7518-4BF0-934D-65801C74D42A}.Debug|x86.ActiveCfg = Debug|Win32
		{F7447653-7518-4BF0-934D-65801C74D42A}.Debug|x86.Build.0 = Debug|Win32
		{F7447653-7518-4BF0-934D-65801C74D42A}.Fast|x64.ActiveCfg = Fast|x64
		{F7447653-7518-4BF0-934D-65801C74D42A}.Fast|x64.Build.0 = Fast|x64
		{F7447653-7518-4BF0-934D-65801C74D42A}.Fast|x86.ActiveCfg = Fast|Win32
		{F7447653-7518-4BF0-934D-65801C74D42A}.Generic|x64.ActiveCfg = Generic|x64
		{F7447653-7518-4BF0-934D-65801C74D42A}.Generic|x64.Build.0 = Generic|x64
		{F7447653-7518-4BF0-934D-65801C74D42A}.Generic|x86.ActiveCfg = Generic|Win32
		{F7447653-7518-4BF0-934D-65801C74D42A}.Generic|x86.Build.0 = Generic|Win32
	EndGlobalSection
	GlobalSection(SolutionProperties) = preSolution
		HideSolutionNode = FALSE
	EndGlobalSection
EndGlobal
