# main definitions
source common.qsf

set_global_assignment -name TOP_LEVEL_ENTITY MuraxControllerMontgomeryMultiplier

# HDL source code files
set_global_assignment -name VERILOG_FILE ../../src/hardware/util/clog2.v
set_global_assignment -name VERILOG_FILE MuraxControllerMontgomeryMultiplier.v
set_global_assignment -name VERILOG_FILE ../rtl/BlockRam.v
set_global_assignment -name VERILOG_FILE ../rtl/Apb3ControllerMontMul_RADIX_32.v
set_global_assignment -name VERILOG_FILE ../rtl/Apb3Fp2MontMultiplier_RADIX_32.v
set_global_assignment -name VERILOG_FILE ../../src/hardware/util/delay.v
set_global_assignment -name VERILOG_FILE ../../src/hardware/util/single_port_mem.v
set_global_assignment -name VERILOG_FILE ../../src/hardware/top_controller/opt/top_controller.v
set_global_assignment -name VERILOG_FILE ../../src/hardware/controller_xDBL_get_4_isog_xADD_eval_4_isog/controller.v
set_global_assignment -name VERILOG_FILE ../../src/hardware/controller_xDBL_get_4_isog_xADD_eval_4_isog/single_to_double_memory_wrapper.v
set_global_assignment -name VERILOG_FILE ../../src/hardware/controller_xADD/xADD_FSM.v
set_global_assignment -name VERILOG_FILE ../../src/hardware/controller_xDBL/xDBL_FSM.v
set_global_assignment -name VERILOG_FILE ../../src/hardware/controller_get_4_isog/get_4_isog_FSM.v
set_global_assignment -name VERILOG_FILE ../../src/hardware/controller_eval_4_isog/eval_4_isog_FSM.v
set_global_assignment -name VERILOG_FILE ../../src/hardware/fp2_sub_add_correction/fp2_sub_add_correction.v
set_global_assignment -name VERILOG_FILE serial_comparator.v
set_global_assignment -name VERILOG_FILE memory_4_to_1_wrapper.v
set_global_assignment -name VERILOG_FILE memory_3_to_1_wrapper.v
set_global_assignment -name VERILOG_FILE memory_2_to_1_wrapper.v
set_global_assignment -name VERILOG_FILE ../../src/hardware/fp2_mont_mul_one_cycle_pipeline/fp2_mont_mul.v
set_global_assignment -name VERILOG_FILE ../../src/hardware/fp_sub_and_add/fp_adder.v
set_global_assignment -name VERILOG_FILE ../../src/hardware/fp_sub_and_add/unit_adder.v 
set_global_assignment -name VERILOG_FILE ../../src/hardware/Montgomery_multiplier_two_cycle_pipeline/step_sub.v
set_global_assignment -name VERILOG_FILE ../../src/hardware/Montgomery_multiplier_two_cycle_pipeline/step_add.v
set_global_assignment -name VERILOG_FILE ../../src/hardware/Montgomery_multiplier_two_cycle_pipeline/multiplier.v 